// !$*UTF8*$!
{
	archiveVersion = 1;
	classes = {
	};
	objectVersion = 46;
	objects = {

/* Begin PBXBuildFile section */
		6E671A051E5DFE54006C3A86 /* main.cpp in Sources */ = {isa = PBXBuildFile; fileRef = 6E671A041E5DFE54006C3A86 /* main.cpp */; };
		6E671A101E5DFFD2006C3A86 /* student.cpp in Sources */ = {isa = PBXBuildFile; fileRef = 6E671A0F1E5DFFD2006C3A86 /* student.cpp */; };
		6E671A121E5E0440006C3A86 /* Teacher.cpp in Sources */ = {isa = PBXBuildFile; fileRef = 6E671A111E5E0440006C3A86 /* Teacher.cpp */; };
		6E671A151E5E0837006C3A86 /* Course.cpp in Sources */ = {isa = PBXBuildFile; fileRef = 6E671A141E5E0837006C3A86 /* Course.cpp */; };
/* End PBXBuildFile section */

/* Begin PBXCopyFilesBuildPhase section */
		6E6719FF1E5DFE54006C3A86 /* CopyFiles */ = {
			isa = PBXCopyFilesBuildPhase;
			buildActionMask = 2147483647;
			dstPath = /usr/share/man/man1/;
			dstSubfolderSpec = 0;
			files = (
			);
			runOnlyForDeploymentPostprocessing = 1;
		};
/* End PBXCopyFilesBuildPhase section */

/* Begin PBXFileReference section */
		6E671A011E5DFE54006C3A86 /* ClassesExample */ = {isa = PBXFileReference; explicitFileType = "compiled.mach-o.executable"; includeInIndex = 0; path = ClassesExample; sourceTree = BUILT_PRODUCTS_DIR; };
		6E671A041E5DFE54006C3A86 /* main.cpp */ = {isa = PBXFileReference; lastKnownFileType = sourcecode.cpp.cpp; path = main.cpp; sourceTree = "<group>"; };
		6E671A0E1E5DFFC0006C3A86 /* student.h */ = {isa = PBXFileReference; lastKnownFileType = sourcecode.c.h; path = student.h; sourceTree = "<group>"; };
		6E671A0F1E5DFFD2006C3A86 /* student.cpp */ = {isa = PBXFileReference; fileEncoding = 4; lastKnownFileType = sourcecode.cpp.cpp; path = student.cpp; sourceTree = "<group>"; };
		6E671A111E5E0440006C3A86 /* Teacher.cpp */ = {isa = PBXFileReference; fileEncoding = 4; lastKnownFileType = sourcecode.cpp.cpp; path = Teacher.cpp; sourceTree = "<group>"; };
		6E671A131E5E0453006C3A86 /* Teacher.h */ = {isa = PBXFileReference; lastKnownFileType = sourcecode.c.h; path = Teacher.h; sourceTree = "<group>"; };
		6E671A141E5E0837006C3A86 /* Course.cpp */ = {isa = PBXFileReference; fileEncoding = 4; lastKnownFileType = sourcecode.cpp.cpp; path = Course.cpp; sourceTree = "<group>"; };
		6E671A161E5E0843006C3A86 /* Course.h */ = {isa = PBXFileReference; lastKnownFileType = sourcecode.c.h; path = Course.h; sourceTree = "<group>"; };
/* End PBXFileReference section */

/* Begin PBXFrameworksBuildPhase section */
		6E6719FE1E5DFE54006C3A86 /* Frameworks */ = {
			isa = PBXFrameworksBuildPhase;
			buildActionMask = 2147483647;
			files = (
			);
			runOnlyForDeploymentPostprocessing = 0;
		};
/* End PBXFrameworksBuildPhase section */

/* Begin PBXGroup section */
		6E6719F81E5DFE54006C3A86 = {
			isa = PBXGroup;
			children = (
				6E671A031E5DFE54006C3A86 /* ClassesExample */,
				6E671A021E5DFE54006C3A86 /* Products */,
			);
			sourceTree = "<group>";
		};
		6E671A021E5DFE54006C3A86 /* Products */ = {
			isa = PBXGroup;
			children = (
				6E671A011E5DFE54006C3A86 /* ClassesExample */,
			);
			name = Products;
			sourceTree = "<group>";
		};
		6E671A031E5DFE54006C3A86 /* ClassesExample */ = {
			isa = PBXGroup;
			children = (
				6E671A041E5DFE54006C3A86 /* main.cpp */,
				6E671A0E1E5DFFC0006C3A86 /* student.h */,
				6E671A0F1E5DFFD2006C3A86 /* student.cpp */,
				6E671A111E5E0440006C3A86 /* Teacher.cpp */,
				6E671A131E5E0453006C3A86 /* Teacher.h */,
				6E671A141E5E0837006C3A86 /* Course.cpp */,
				6E671A161E5E0843006C3A86 /* Course.h */,
			);
			path = ClassesExample;
			sourceTree = "<group>";
		};
/* End PBXGroup section */

/* Begin PBXNativeTarget section */
		6E671A001E5DFE54006C3A86 /* ClassesExample */ = {
			isa = PBXNativeTarget;
			buildConfigurationList = 6E671A081E5DFE54006C3A86 /* Build configuration list for PBXNativeTarget "ClassesExample" */;
			buildPhases = (
				6E6719FD1E5DFE54006C3A86 /* Sources */,
				6E6719FE1E5DFE54006C3A86 /* Frameworks */,
				6E6719FF1E5DFE54006C3A86 /* CopyFiles */,
			);
			buildRules = (
			);
			dependencies = (
			);
			name = ClassesExample;
			productName = ClassesExample;
			productReference = 6E671A011E5DFE54006C3A86 /* ClassesExample */;
			productType = "com.apple.product-type.tool";
		};
/* End PBXNativeTarget section */

/* Begin PBXProject section */
		6E6719F91E5DFE54006C3A86 /* Project object */ = {
			isa = PBXProject;
			attributes = {
				LastUpgradeCheck = 0820;
				ORGANIZATIONNAME = "Trevis Jontaé Fields";
				TargetAttributes = {
					6E671A001E5DFE54006C3A86 = {
						CreatedOnToolsVersion = 8.2.1;
						ProvisioningStyle = Automatic;
					};
				};
			};
			buildConfigurationList = 6E6719FC1E5DFE54006C3A86 /* Build configuration list for PBXProject "ClassesExample" */;
			compatibilityVersion = "Xcode 3.2";
			developmentRegion = English;
			hasScannedForEncodings = 0;
			knownRegions = (
				en,
			);
			mainGroup = 6E6719F81E5DFE54006C3A86;
			productRefGroup = 6E671A021E5DFE54006C3A86 /* Products */;
			projectDirPath = "";
			projectRoot = "";
			targets = (
				6E671A001E5DFE54006C3A86 /* ClassesExample */,
			);
		};
/* End PBXProject section */

/* Begin PBXSourcesBuildPhase section */
		6E6719FD1E5DFE54006C3A86 /* Sources */ = {
			isa = PBXSourcesBuildPhase;
			buildActionMask = 2147483647;
			files = (
				6E671A151E5E0837006C3A86 /* Course.cpp in Sources */,
				6E671A051E5DFE54006C3A86 /* main.cpp in Sources */,
				6E671A101E5DFFD2006C3A86 /* student.cpp in Sources */,
				6E671A121E5E0440006C3A86 /* Teacher.cpp in Sources */,
			);
			runOnlyForDeploymentPostprocessing = 0;
		};
/* End PBXSourcesBuildPhase section */

/* Begin XCBuildConfiguration section */
		6E671A061E5DFE54006C3A86 /* Debug */ = {
			isa = XCBuildConfiguration;
			buildSettings = {
				ALWAYS_SEARCH_USER_PATHS = NO;
				CLANG_ANALYZER_NONNULL = YES;
				CLANG_CXX_LANGUAGE_STANDARD = "gnu++0x";
				CLANG_CXX_LIBRARY = "libc++";
				CLANG_ENABLE_MODULES = YES;
				CLANG_ENABLE_OBJC_ARC = YES;
				CLANG_WARN_BOOL_CONVERSION = YES;
				CLANG_WARN_CONSTANT_CONVERSION = YES;
				CLANG_WARN_DIRECT_OBJC_ISA_USAGE = YES_ERROR;
				CLANG_WARN_DOCUMENTATION_COMMENTS = YES;
				CLANG_WARN_EMPTY_BODY = YES;
				CLANG_WARN_ENUM_CONVERSION = YES;
				CLANG_WARN_INFINITE_RECURSION = YES;
				CLANG_WARN_INT_CONVERSION = YES;
				CLANG_WARN_OBJC_ROOT_CLASS = YES_ERROR;
				CLANG_WARN_SUSPICIOUS_MOVE = YES;
				CLANG_WARN_UNREACHABLE_CODE = YES;
				CLANG_WARN__DUPLICATE_METHOD_MATCH = YES;
				CODE_SIGN_IDENTITY = "-";
				COPY_PHASE_STRIP = NO;
				DEBUG_INFORMATION_FORMAT = dwarf;
				ENABLE_STRICT_OBJC_MSGSEND = YES;
				ENABLE_TESTABILITY = YES;
				GCC_C_LANGUAGE_STANDARD = gnu99;
				GCC_DYNAMIC_NO_PIC = NO;
				GCC_NO_COMMON_BLOCKS = YES;
				GCC_OPTIMIZATION_LEVEL = 0;
				GCC_PREPROCESSOR_DEFINITIONS = (
					"DEBUG=1",
					"$(inherited)",
				);
				GCC_WARN_64_TO_32_BIT_CONVERSION = YES;
				GCC_WARN_ABOUT_RETURN_TYPE = YES_ERROR;
				GCC_WARN_UNDECLARED_SELECTOR = YES;
				GCC_WARN_UNINITIALIZED_AUTOS = YES_AGGRESSIVE;
				GCC_WARN_UNUSED_FUNCTION = YES;
				GCC_WARN_UNUSED_VARIABLE = YES;
				MACOSX_DEPLOYMENT_TARGET = 10.12;
				MTL_ENABLE_DEBUG_INFO = YES;
				ONLY_ACTIVE_ARCH = YES;
				SDKROOT = macosx;
			};
			name = Debug;
		};
		6E671A071E5DFE54006C3A86 /* Release */ = {
			isa = XCBuildConfiguration;
			buildSettings = {
				ALWAYS_SEARCH_USER_PATHS = NO;
				CLANG_ANALYZER_NONNULL = YES;
				CLANG_CXX_LANGUAGE_STANDARD = "gnu++0x";
				CLANG_CXX_LIBRARY = "libc++";
				CLANG_ENABLE_MODULES = YES;
				CLANG_ENABLE_OBJC_ARC = YES;
				CLANG_WARN_BOOL_CONVERSION = YES;
				CLANG_WARN_CONSTANT_CONVERSION = YES;
				CLANG_WARN_DIRECT_OBJC_ISA_USAGE = YES_ERROR;
				CLANG_WARN_DOCUMENTATION_COMMENTS = YES;
				CLANG_WARN_EMPTY_BODY = YES;
				CLANG_WARN_ENUM_CONVERSION = YES;
				CLANG_WARN_INFINITE_RECURSION = YES;
				CLANG_WARN_INT_CONVERSION = YES;
				CLANG_WARN_OBJC_ROOT_CLASS = YES_ERROR;
				CLANG_WARN_SUSPICIOUS_MOVE = YES;
				CLANG_WARN_UNREACHABLE_CODE = YES;
				CLANG_WARN__DUPLICATE_METHOD_MATCH = YES;
				CODE_SIGN_IDENTITY = "-";
				COPY_PHASE_STRIP = NO;
				DEBUG_INFORMATION_FORMAT = "dwarf-with-dsym";
				ENABLE_NS_ASSERTIONS = NO;
				ENABLE_STRICT_OBJC_MSGSEND = YES;
				GCC_C_LANGUAGE_STANDARD = gnu99;
				GCC_NO_COMMON_BLOCKS = YES;
				GCC_WARN_64_TO_32_BIT_CONVERSION = YES;
				GCC_WARN_ABOUT_RETURN_TYPE = YES_ERROR;
				GCC_WARN_UNDECLARED_SELECTOR = YES;
				GCC_WARN_UNINITIALIZED_AUTOS = YES_AGGRESSIVE;
				GCC_WARN_UNUSED_FUNCTION = YES;
				GCC_WARN_UNUSED_VARIABLE = YES;
				MACOSX_DEPLOYMENT_TARGET = 10.12;
				MTL_ENABLE_DEBUG_INFO = NO;
				SDKROOT = macosx;
			};
			name = Release;
		};
		6E671A091E5DFE54006C3A86 /* Debug */ = {
			isa = XCBuildConfiguration;
			buildSettings = {
				PRODUCT_NAME = "$(TARGET_NAME)";
			};
			name = Debug;
		};
		6E671A0A1E5DFE54006C3A86 /* Release */ = {
			isa = XCBuildConfiguration;
			buildSettings = {
				PRODUCT_NAME = "$(TARGET_NAME)";
			};
			name = Release;
		};
/* End XCBuildConfiguration section */

/* Begin XCConfigurationList section */
		6E6719FC1E5DFE54006C3A86 /* Build configuration list for PBXProject "ClassesExample" */ = {
			isa = XCConfigurationList;
			buildConfigurations = (
				6E671A061E5DFE54006C3A86 /* Debug */,
				6E671A071E5DFE54006C3A86 /* Release */,
			);
			defaultConfigurationIsVisible = 0;
			defaultConfigurationName = Release;
		};
		6E671A081E5DFE54006C3A86 /* Build configuration list for PBXNativeTarget "ClassesExample" */ = {
			isa = XCConfigurationList;
			buildConfigurations = (
				6E671A091E5DFE54006C3A86 /* Debug */,
				6E671A0A1E5DFE54006C3A86 /* Release */,
			);
			defaultConfigurationIsVisible = 0;
		};
/* End XCConfigurationList section */
	};
	rootObject = 6E6719F91E5DFE54006C3A86 /* Project object */;
}
