// !$*UTF8*$!
{
	archiveVersion = 1;
	classes = {
	};
	objectVersion = 46;
	objects = {

/* Begin PBXBuildFile section */
		6E671A241E5E8029006C3A86 /* main.cpp in Sources */ = {isa = PBXBuildFile; fileRef = 6E671A231E5E8029006C3A86 /* main.cpp */; };
		6E671A2B1E5E8094006C3A86 /* Course.cpp in Sources */ = {isa = PBXBuildFile; fileRef = 6E671A2A1E5E8094006C3A86 /* Course.cpp */; };
		6E671A2E1E5E80E1006C3A86 /* Student.cpp in Sources */ = {isa = PBXBuildFile; fileRef = 6E671A2D1E5E80E1006C3A86 /* Student.cpp */; };
		6E671A311E5E811C006C3A86 /* Teacher.cpp in Sources */ = {isa = PBXBuildFile; fileRef = 6E671A301E5E811C006C3A86 /* Teacher.cpp */; };
/* End PBXBuildFile section */

/* Begin PBXCopyFilesBuildPhase section */
		6E671A1E1E5E8029006C3A86 /* CopyFiles */ = {
			isa = PBXCopyFilesBuildPhase;
			buildActionMask = 2147483647;
			dstPath = /usr/share/man/man1/;
			dstSubfolderSpec = 0;
			files = (
			);
			runOnlyForDeploymentPostprocessing = 1;
		};
/* End PBXCopyFilesBuildPhase section */

/* Begin PBXFileReference section */
		6E671A201E5E8029006C3A86 /* JamesWilsonClassesWalkThrough */ = {isa = PBXFileReference; explicitFileType = "compiled.mach-o.executable"; includeInIndex = 0; path = JamesWilsonClassesWalkThrough; sourceTree = BUILT_PRODUCTS_DIR; };
		6E671A231E5E8029006C3A86 /* main.cpp */ = {isa = PBXFileReference; lastKnownFileType = sourcecode.cpp.cpp; path = main.cpp; sourceTree = "<group>"; };
		6E671A2A1E5E8094006C3A86 /* Course.cpp */ = {isa = PBXFileReference; fileEncoding = 4; lastKnownFileType = sourcecode.cpp.cpp; path = Course.cpp; sourceTree = "<group>"; };
		6E671A2C1E5E80B7006C3A86 /* Course.h */ = {isa = PBXFileReference; lastKnownFileType = sourcecode.c.h; path = Course.h; sourceTree = "<group>"; };
		6E671A2D1E5E80E1006C3A86 /* Student.cpp */ = {isa = PBXFileReference; fileEncoding = 4; lastKnownFileType = sourcecode.cpp.cpp; path = Student.cpp; sourceTree = "<group>"; };
		6E671A2F1E5E80FE006C3A86 /* Student.h */ = {isa = PBXFileReference; lastKnownFileType = sourcecode.c.h; path = Student.h; sourceTree = "<group>"; };
		6E671A301E5E811C006C3A86 /* Teacher.cpp */ = {isa = PBXFileReference; fileEncoding = 4; lastKnownFileType = sourcecode.cpp.cpp; path = Teacher.cpp; sourceTree = "<group>"; };
		6E671A321E5E8140006C3A86 /* Teacher.h */ = {isa = PBXFileReference; lastKnownFileType = sourcecode.c.h; path = Teacher.h; sourceTree = "<group>"; };
/* End PBXFileReference section */

/* Begin PBXFrameworksBuildPhase section */
		6E671A1D1E5E8029006C3A86 /* Frameworks */ = {
			isa = PBXFrameworksBuildPhase;
			buildActionMask = 2147483647;
			files = (
			);
			runOnlyForDeploymentPostprocessing = 0;
		};
/* End PBXFrameworksBuildPhase section */

/* Begin PBXGroup section */
		6E671A171E5E8029006C3A86 = {
			isa = PBXGroup;
			children = (
				6E671A221E5E8029006C3A86 /* JamesWilsonClassesWalkThrough */,
				6E671A211E5E8029006C3A86 /* Products */,
			);
			sourceTree = "<group>";
		};
		6E671A211E5E8029006C3A86 /* Products */ = {
			isa = PBXGroup;
			children = (
				6E671A201E5E8029006C3A86 /* JamesWilsonClassesWalkThrough */,
			);
			name = Products;
			sourceTree = "<group>";
		};
		6E671A221E5E8029006C3A86 /* JamesWilsonClassesWalkThrough */ = {
			isa = PBXGroup;
			children = (
				6E671A231E5E8029006C3A86 /* main.cpp */,
				6E671A2A1E5E8094006C3A86 /* Course.cpp */,
				6E671A2C1E5E80B7006C3A86 /* Course.h */,
				6E671A2D1E5E80E1006C3A86 /* Student.cpp */,
				6E671A2F1E5E80FE006C3A86 /* Student.h */,
				6E671A301E5E811C006C3A86 /* Teacher.cpp */,
				6E671A321E5E8140006C3A86 /* Teacher.h */,
			);
			path = JamesWilsonClassesWalkThrough;
			sourceTree = "<group>";
		};
/* End PBXGroup section */

/* Begin PBXNativeTarget section */
		6E671A1F1E5E8029006C3A86 /* JamesWilsonClassesWalkThrough */ = {
			isa = PBXNativeTarget;
			buildConfigurationList = 6E671A271E5E8029006C3A86 /* Build configuration list for PBXNativeTarget "JamesWilsonClassesWalkThrough" */;
			buildPhases = (
				6E671A1C1E5E8029006C3A86 /* Sources */,
				6E671A1D1E5E8029006C3A86 /* Frameworks */,
				6E671A1E1E5E8029006C3A86 /* CopyFiles */,
			);
			buildRules = (
			);
			dependencies = (
			);
			name = JamesWilsonClassesWalkThrough;
			productName = JamesWilsonClassesWalkThrough;
			productReference = 6E671A201E5E8029006C3A86 /* JamesWilsonClassesWalkThrough */;
			productType = "com.apple.product-type.tool";
		};
/* End PBXNativeTarget section */

/* Begin PBXProject section */
		6E671A181E5E8029006C3A86 /* Project object */ = {
			isa = PBXProject;
			attributes = {
				LastUpgradeCheck = 0820;
				ORGANIZATIONNAME = "Trevis Jontaé Fields";
				TargetAttributes = {
					6E671A1F1E5E8029006C3A86 = {
						CreatedOnToolsVersion = 8.2.1;
						ProvisioningStyle = Automatic;
					};
				};
			};
			buildConfigurationList = 6E671A1B1E5E8029006C3A86 /* Build configuration list for PBXProject "JamesWilsonClassesWalkThrough" */;
			compatibilityVersion = "Xcode 3.2";
			developmentRegion = English;
			hasScannedForEncodings = 0;
			knownRegions = (
				en,
			);
			mainGroup = 6E671A171E5E8029006C3A86;
			productRefGroup = 6E671A211E5E8029006C3A86 /* Products */;
			projectDirPath = "";
			projectRoot = "";
			targets = (
				6E671A1F1E5E8029006C3A86 /* JamesWilsonClassesWalkThrough */,
			);
		};
/* End PBXProject section */

/* Begin PBXSourcesBuildPhase section */
		6E671A1C1E5E8029006C3A86 /* Sources */ = {
			isa = PBXSourcesBuildPhase;
			buildActionMask = 2147483647;
			files = (
				6E671A311E5E811C006C3A86 /* Teacher.cpp in Sources */,
				6E671A2E1E5E80E1006C3A86 /* Student.cpp in Sources */,
				6E671A2B1E5E8094006C3A86 /* Course.cpp in Sources */,
				6E671A241E5E8029006C3A86 /* main.cpp in Sources */,
			);
			runOnlyForDeploymentPostprocessing = 0;
		};
/* End PBXSourcesBuildPhase section */

/* Begin XCBuildConfiguration section */
		6E671A251E5E8029006C3A86 /* Debug */ = {
			isa = XCBuildConfiguration;
			buildSettings = {
				ALWAYS_SEARCH_USER_PATHS = NO;
				CLANG_ANALYZER_NONNULL = YES;
				CLANG_CXX_LANGUAGE_STANDARD = "gnu++0x";
				CLANG_CXX_LIBRARY = "libc++";
				CLANG_ENABLE_MODULES = YES;
				CLANG_ENABLE_OBJC_ARC = YES;
				CLANG_WARN_BOOL_CONVERSION = YES;
				CLANG_WARN_CONSTANT_CONVERSION = YES;
				CLANG_WARN_DIRECT_OBJC_ISA_USAGE = YES_ERROR;
				CLANG_WARN_DOCUMENTATION_COMMENTS = YES;
				CLANG_WARN_EMPTY_BODY = YES;
				CLANG_WARN_ENUM_CONVERSION = YES;
				CLANG_WARN_INFINITE_RECURSION = YES;
				CLANG_WARN_INT_CONVERSION = YES;
				CLANG_WARN_OBJC_ROOT_CLASS = YES_ERROR;
				CLANG_WARN_SUSPICIOUS_MOVE = YES;
				CLANG_WARN_UNREACHABLE_CODE = YES;
				CLANG_WARN__DUPLICATE_METHOD_MATCH = YES;
				CODE_SIGN_IDENTITY = "-";
				COPY_PHASE_STRIP = NO;
				DEBUG_INFORMATION_FORMAT = dwarf;
				ENABLE_STRICT_OBJC_MSGSEND = YES;
				ENABLE_TESTABILITY = YES;
				GCC_C_LANGUAGE_STANDARD = gnu99;
				GCC_DYNAMIC_NO_PIC = NO;
				GCC_NO_COMMON_BLOCKS = YES;
				GCC_OPTIMIZATION_LEVEL = 0;
				GCC_PREPROCESSOR_DEFINITIONS = (
					"DEBUG=1",
					"$(inherited)",
				);
				GCC_WARN_64_TO_32_BIT_CONVERSION = YES;
				GCC_WARN_ABOUT_RETURN_TYPE = YES_ERROR;
				GCC_WARN_UNDECLARED_SELECTOR = YES;
				GCC_WARN_UNINITIALIZED_AUTOS = YES_AGGRESSIVE;
				GCC_WARN_UNUSED_FUNCTION = YES;
				GCC_WARN_UNUSED_VARIABLE = YES;
				MACOSX_DEPLOYMENT_TARGET = 10.12;
				MTL_ENABLE_DEBUG_INFO = YES;
				ONLY_ACTIVE_ARCH = YES;
				SDKROOT = macosx;
			};
			name = Debug;
		};
		6E671A261E5E8029006C3A86 /* Release */ = {
			isa = XCBuildConfiguration;
			buildSettings = {
				ALWAYS_SEARCH_USER_PATHS = NO;
				CLANG_ANALYZER_NONNULL = YES;
				CLANG_CXX_LANGUAGE_STANDARD = "gnu++0x";
				CLANG_CXX_LIBRARY = "libc++";
				CLANG_ENABLE_MODULES = YES;
				CLANG_ENABLE_OBJC_ARC = YES;
				CLANG_WARN_BOOL_CONVERSION = YES;
				CLANG_WARN_CONSTANT_CONVERSION = YES;
				CLANG_WARN_DIRECT_OBJC_ISA_USAGE = YES_ERROR;
				CLANG_WARN_DOCUMENTATION_COMMENTS = YES;
				CLANG_WARN_EMPTY_BODY = YES;
				CLANG_WARN_ENUM_CONVERSION = YES;
				CLANG_WARN_INFINITE_RECURSION = YES;
				CLANG_WARN_INT_CONVERSION = YES;
				CLANG_WARN_OBJC_ROOT_CLASS = YES_ERROR;
				CLANG_WARN_SUSPICIOUS_MOVE = YES;
				CLANG_WARN_UNREACHABLE_CODE = YES;
				CLANG_WARN__DUPLICATE_METHOD_MATCH = YES;
				CODE_SIGN_IDENTITY = "-";
				COPY_PHASE_STRIP = NO;
				DEBUG_INFORMATION_FORMAT = "dwarf-with-dsym";
				ENABLE_NS_ASSERTIONS = NO;
				ENABLE_STRICT_OBJC_MSGSEND = YES;
				GCC_C_LANGUAGE_STANDARD = gnu99;
				GCC_NO_COMMON_BLOCKS = YES;
				GCC_WARN_64_TO_32_BIT_CONVERSION = YES;
				GCC_WARN_ABOUT_RETURN_TYPE = YES_ERROR;
				GCC_WARN_UNDECLARED_SELECTOR = YES;
				GCC_WARN_UNINITIALIZED_AUTOS = YES_AGGRESSIVE;
				GCC_WARN_UNUSED_FUNCTION = YES;
				GCC_WARN_UNUSED_VARIABLE = YES;
				MACOSX_DEPLOYMENT_TARGET = 10.12;
				MTL_ENABLE_DEBUG_INFO = NO;
				SDKROOT = macosx;
			};
			name = Release;
		};
		6E671A281E5E8029006C3A86 /* Debug */ = {
			isa = XCBuildConfiguration;
			buildSettings = {
				PRODUCT_NAME = "$(TARGET_NAME)";
			};
			name = Debug;
		};
		6E671A291E5E8029006C3A86 /* Release */ = {
			isa = XCBuildConfiguration;
			buildSettings = {
				PRODUCT_NAME = "$(TARGET_NAME)";
			};
			name = Release;
		};
/* End XCBuildConfiguration section */

/* Begin XCConfigurationList section */
		6E671A1B1E5E8029006C3A86 /* Build configuration list for PBXProject "JamesWilsonClassesWalkThrough" */ = {
			isa = XCConfigurationList;
			buildConfigurations = (
				6E671A251E5E8029006C3A86 /* Debug */,
				6E671A261E5E8029006C3A86 /* Release */,
			);
			defaultConfigurationIsVisible = 0;
			defaultConfigurationName = Release;
		};
		6E671A271E5E8029006C3A86 /* Build configuration list for PBXNativeTarget "JamesWilsonClassesWalkThrough" */ = {
			isa = XCConfigurationList;
			buildConfigurations = (
				6E671A281E5E8029006C3A86 /* Debug */,
				6E671A291E5E8029006C3A86 /* Release */,
			);
			defaultConfigurationIsVisible = 0;
		};
/* End XCConfigurationList section */
	};
	rootObject = 6E671A181E5E8029006C3A86 /* Project object */;
}
